// !$*UTF8*$!
{
	archiveVersion = 1;
	classes = {
	};
	objectVersion = 50;
	objects = {

/* Begin PBXBuildFile section */
		0D4358780465DA562AF22161 /* Pods_SpiderRecognizer.framework in Frameworks */ = {isa = PBXBuildFile; fileRef = 30369E2639470CFB894CF986 /* Pods_SpiderRecognizer.framework */; };
		18126DF022A3B0A100949DE4 /* ConstantsEnum.swift in Sources */ = {isa = PBXBuildFile; fileRef = 18126DEF22A3B0A100949DE4 /* ConstantsEnum.swift */; };
		182DFC8F224F799600348D8B /* AppDelegate.swift in Sources */ = {isa = PBXBuildFile; fileRef = 182DFC8E224F799600348D8B /* AppDelegate.swift */; };
		182DFC91224F799600348D8B /* CNNScan.swift in Sources */ = {isa = PBXBuildFile; fileRef = 182DFC90224F799600348D8B /* CNNScan.swift */; };
		182DFC96224F799900348D8B /* Assets.xcassets in Resources */ = {isa = PBXBuildFile; fileRef = 182DFC95224F799900348D8B /* Assets.xcassets */; };
		182DFC99224F799900348D8B /* LaunchScreen.storyboard in Resources */ = {isa = PBXBuildFile; fileRef = 182DFC97224F799900348D8B /* LaunchScreen.storyboard */; };
		182DFCA3224F830300348D8B /* icon.png in Resources */ = {isa = PBXBuildFile; fileRef = 182DFCA2224F830300348D8B /* icon.png */; };
		1837AA4422AE3DC3000D293E /* MobileNetV2.mlmodel in Sources */ = {isa = PBXBuildFile; fileRef = 1837AA4322AE3DC3000D293E /* MobileNetV2.mlmodel */; };
		27178816229E634B0043C836 /* BackgroundColorMaker.swift in Sources */ = {isa = PBXBuildFile; fileRef = 27178815229E634B0043C836 /* BackgroundColorMaker.swift */; };
		AE0E9588227042D100733CEF /* Red-Headed Mouse Spider.png in Resources */ = {isa = PBXBuildFile; fileRef = AE0E957F227042CA00733CEF /* Red-Headed Mouse Spider.png */; };
		AE0E9589227042D100733CEF /* Funnel-Web Spider.png in Resources */ = {isa = PBXBuildFile; fileRef = AE0E9580227042CA00733CEF /* Funnel-Web Spider.png */; };
		AE0E958A227042D100733CEF /* Tarantula Spider.png in Resources */ = {isa = PBXBuildFile; fileRef = AE0E9581227042CA00733CEF /* Tarantula Spider.png */; };
		AE0E958B227042D100733CEF /* St Andrews Cross Spider.png in Resources */ = {isa = PBXBuildFile; fileRef = AE0E9582227042CA00733CEF /* St Andrews Cross Spider.png */; };
		AE0E958C227042D100733CEF /* White-Tailed Spider.png in Resources */ = {isa = PBXBuildFile; fileRef = AE0E9583227042CA00733CEF /* White-Tailed Spider.png */; };
		AE0E958D227042D100733CEF /* Garden Orb Weaver Spider.png in Resources */ = {isa = PBXBuildFile; fileRef = AE0E9584227042CA00733CEF /* Garden Orb Weaver Spider.png */; };
		AE0E958E227042D100733CEF /* Huntsman Spider.png in Resources */ = {isa = PBXBuildFile; fileRef = AE0E9585227042CA00733CEF /* Huntsman Spider.png */; };
		AE0E958F227042D100733CEF /* Daddy Long Legs Spider.png in Resources */ = {isa = PBXBuildFile; fileRef = AE0E9586227042CA00733CEF /* Daddy Long Legs Spider.png */; };
		AE0E9590227042D100733CEF /* Redback Spider.png in Resources */ = {isa = PBXBuildFile; fileRef = AE0E9587227042CA00733CEF /* Redback Spider.png */; };
		AE125E2F229D515800C67709 /* CNNMode.swift in Sources */ = {isa = PBXBuildFile; fileRef = AE125E2E229D515800C67709 /* CNNMode.swift */; };
		AE125E31229D517400C67709 /* SSDMode.swift in Sources */ = {isa = PBXBuildFile; fileRef = AE125E30229D517400C67709 /* SSDMode.swift */; };
		AE33D3F322561F4A003C0DA1 /* Main.storyboard in Resources */ = {isa = PBXBuildFile; fileRef = AE33D3F222561F4A003C0DA1 /* Main.storyboard */; };
		AE33D3F722562132003C0DA1 /* LandingPage.swift in Sources */ = {isa = PBXBuildFile; fileRef = AE33D3F622562132003C0DA1 /* LandingPage.swift */; };
		AE3F8A78226D931C0070140D /* SSDUploadPhoto.swift in Sources */ = {isa = PBXBuildFile; fileRef = AE3F8A77226D931C0070140D /* SSDUploadPhoto.swift */; };
		AE45AF29226D829C00EA951D /* SSDScan.swift in Sources */ = {isa = PBXBuildFile; fileRef = AE45AF28226D829C00EA951D /* SSDScan.swift */; };
		AE45AF2B226D82DE00EA951D /* VideoCapture.swift in Sources */ = {isa = PBXBuildFile; fileRef = AE45AF2A226D82DE00EA951D /* VideoCapture.swift */; };
		AE45AF2D226D830B00EA951D /* BoundingBoxView.swift in Sources */ = {isa = PBXBuildFile; fileRef = AE45AF2C226D830B00EA951D /* BoundingBoxView.swift */; };
		AE45AF2F226D836300EA951D /* MobileNetV2_SSDLite.mlmodel in Sources */ = {isa = PBXBuildFile; fileRef = AE45AF2E226D836300EA951D /* MobileNetV2_SSDLite.mlmodel */; };
		AE4F13F1229EA13700294491 /* BottonBackgroundColor.png in Resources */ = {isa = PBXBuildFile; fileRef = AE4F13EF229EA13700294491 /* BottonBackgroundColor.png */; };
		AE4F13F2229EA13700294491 /* Team Logo.png in Resources */ = {isa = PBXBuildFile; fileRef = AE4F13F0229EA13700294491 /* Team Logo.png */; };
		AE8281AD228BEE0800FCF8FA /* SpiderGallery.swift in Sources */ = {isa = PBXBuildFile; fileRef = AE8281AC228BEE0800FCF8FA /* SpiderGallery.swift */; };
		AE948C8B2264D2CB00DB6EA2 /* CNNUploadPhoto.swift in Sources */ = {isa = PBXBuildFile; fileRef = AE948C8A2264D2CB00DB6EA2 /* CNNUploadPhoto.swift */; };
		AEEF07BD228D3A6B000C5535 /* GoogleService-Info.plist in Resources */ = {isa = PBXBuildFile; fileRef = AEEF07BC228D3A6B000C5535 /* GoogleService-Info.plist */; };
/* End PBXBuildFile section */

/* Begin PBXFileReference section */
		18126DEF22A3B0A100949DE4 /* ConstantsEnum.swift */ = {isa = PBXFileReference; fileEncoding = 4; lastKnownFileType = sourcecode.swift; path = ConstantsEnum.swift; sourceTree = "<group>"; };
		182DFC8B224F799600348D8B /* SpiderRecognizer.app */ = {isa = PBXFileReference; explicitFileType = wrapper.application; includeInIndex = 0; path = SpiderRecognizer.app; sourceTree = BUILT_PRODUCTS_DIR; };
		182DFC8E224F799600348D8B /* AppDelegate.swift */ = {isa = PBXFileReference; lastKnownFileType = sourcecode.swift; path = AppDelegate.swift; sourceTree = "<group>"; };
		182DFC90224F799600348D8B /* CNNScan.swift */ = {isa = PBXFileReference; lastKnownFileType = sourcecode.swift; path = CNNScan.swift; sourceTree = "<group>"; };
		182DFC95224F799900348D8B /* Assets.xcassets */ = {isa = PBXFileReference; lastKnownFileType = folder.assetcatalog; path = Assets.xcassets; sourceTree = "<group>"; };
		182DFC98224F799900348D8B /* Base */ = {isa = PBXFileReference; lastKnownFileType = file.storyboard; name = Base; path = Base.lproj/LaunchScreen.storyboard; sourceTree = "<group>"; };
		182DFC9A224F799900348D8B /* Info.plist */ = {isa = PBXFileReference; lastKnownFileType = text.plist.xml; path = Info.plist; sourceTree = "<group>"; };
		182DFCA2224F830300348D8B /* icon.png */ = {isa = PBXFileReference; lastKnownFileType = image.png; path = icon.png; sourceTree = "<group>"; };
		1837AA4322AE3DC3000D293E /* MobileNetV2.mlmodel */ = {isa = PBXFileReference; lastKnownFileType = file.mlmodel; path = MobileNetV2.mlmodel; sourceTree = "<group>"; };
		27178815229E634B0043C836 /* BackgroundColorMaker.swift */ = {isa = PBXFileReference; lastKnownFileType = sourcecode.swift; path = BackgroundColorMaker.swift; sourceTree = "<group>"; };
		30369E2639470CFB894CF986 /* Pods_SpiderRecognizer.framework */ = {isa = PBXFileReference; explicitFileType = wrapper.framework; includeInIndex = 0; path = Pods_SpiderRecognizer.framework; sourceTree = BUILT_PRODUCTS_DIR; };
		75F8A1EA8A24761F9F9F39B0 /* Pods-SpiderRecognizer.release.xcconfig */ = {isa = PBXFileReference; includeInIndex = 1; lastKnownFileType = text.xcconfig; name = "Pods-SpiderRecognizer.release.xcconfig"; path = "Target Support Files/Pods-SpiderRecognizer/Pods-SpiderRecognizer.release.xcconfig"; sourceTree = "<group>"; };
		8E70A1F48161D7D272E3454D /* Pods-SpiderRecognizer.debug.xcconfig */ = {isa = PBXFileReference; includeInIndex = 1; lastKnownFileType = text.xcconfig; name = "Pods-SpiderRecognizer.debug.xcconfig"; path = "Target Support Files/Pods-SpiderRecognizer/Pods-SpiderRecognizer.debug.xcconfig"; sourceTree = "<group>"; };
		AE0E957F227042CA00733CEF /* Red-Headed Mouse Spider.png */ = {isa = PBXFileReference; lastKnownFileType = image.png; path = "Red-Headed Mouse Spider.png"; sourceTree = "<group>"; };
		AE0E9580227042CA00733CEF /* Funnel-Web Spider.png */ = {isa = PBXFileReference; lastKnownFileType = image.png; path = "Funnel-Web Spider.png"; sourceTree = "<group>"; };
		AE0E9581227042CA00733CEF /* Tarantula Spider.png */ = {isa = PBXFileReference; lastKnownFileType = image.png; path = "Tarantula Spider.png"; sourceTree = "<group>"; };
		AE0E9582227042CA00733CEF /* St Andrews Cross Spider.png */ = {isa = PBXFileReference; lastKnownFileType = image.png; path = "St Andrews Cross Spider.png"; sourceTree = "<group>"; };
		AE0E9583227042CA00733CEF /* White-Tailed Spider.png */ = {isa = PBXFileReference; lastKnownFileType = image.png; path = "White-Tailed Spider.png"; sourceTree = "<group>"; };
		AE0E9584227042CA00733CEF /* Garden Orb Weaver Spider.png */ = {isa = PBXFileReference; lastKnownFileType = image.png; path = "Garden Orb Weaver Spider.png"; sourceTree = "<group>"; };
		AE0E9585227042CA00733CEF /* Huntsman Spider.png */ = {isa = PBXFileReference; lastKnownFileType = image.png; path = "Huntsman Spider.png"; sourceTree = "<group>"; };
		AE0E9586227042CA00733CEF /* Daddy Long Legs Spider.png */ = {isa = PBXFileReference; lastKnownFileType = image.png; path = "Daddy Long Legs Spider.png"; sourceTree = "<group>"; };
		AE0E9587227042CA00733CEF /* Redback Spider.png */ = {isa = PBXFileReference; lastKnownFileType = image.png; path = "Redback Spider.png"; sourceTree = "<group>"; };
		AE125E2E229D515800C67709 /* CNNMode.swift */ = {isa = PBXFileReference; lastKnownFileType = sourcecode.swift; path = CNNMode.swift; sourceTree = "<group>"; };
		AE125E30229D517400C67709 /* SSDMode.swift */ = {isa = PBXFileReference; lastKnownFileType = sourcecode.swift; path = SSDMode.swift; sourceTree = "<group>"; };
		AE33D3F222561F4A003C0DA1 /* Main.storyboard */ = {isa = PBXFileReference; lastKnownFileType = file.storyboard; path = Main.storyboard; sourceTree = "<group>"; };
		AE33D3F622562132003C0DA1 /* LandingPage.swift */ = {isa = PBXFileReference; lastKnownFileType = sourcecode.swift; path = LandingPage.swift; sourceTree = "<group>"; };
		AE3F8A77226D931C0070140D /* SSDUploadPhoto.swift */ = {isa = PBXFileReference; lastKnownFileType = sourcecode.swift; path = SSDUploadPhoto.swift; sourceTree = "<group>"; };
		AE45AF28226D829C00EA951D /* SSDScan.swift */ = {isa = PBXFileReference; lastKnownFileType = sourcecode.swift; path = SSDScan.swift; sourceTree = "<group>"; };
		AE45AF2A226D82DE00EA951D /* VideoCapture.swift */ = {isa = PBXFileReference; lastKnownFileType = sourcecode.swift; path = VideoCapture.swift; sourceTree = "<group>"; };
		AE45AF2C226D830B00EA951D /* BoundingBoxView.swift */ = {isa = PBXFileReference; lastKnownFileType = sourcecode.swift; path = BoundingBoxView.swift; sourceTree = "<group>"; };
		AE45AF2E226D836300EA951D /* MobileNetV2_SSDLite.mlmodel */ = {isa = PBXFileReference; lastKnownFileType = file.mlmodel; path = MobileNetV2_SSDLite.mlmodel; sourceTree = "<group>"; };
		AE4F13EF229EA13700294491 /* BottonBackgroundColor.png */ = {isa = PBXFileReference; lastKnownFileType = image.png; path = BottonBackgroundColor.png; sourceTree = "<group>"; };
		AE4F13F0229EA13700294491 /* Team Logo.png */ = {isa = PBXFileReference; lastKnownFileType = image.png; path = "Team Logo.png"; sourceTree = "<group>"; };
		AE8281AC228BEE0800FCF8FA /* SpiderGallery.swift */ = {isa = PBXFileReference; lastKnownFileType = sourcecode.swift; path = SpiderGallery.swift; sourceTree = "<group>"; };
		AE948C8A2264D2CB00DB6EA2 /* CNNUploadPhoto.swift */ = {isa = PBXFileReference; lastKnownFileType = sourcecode.swift; path = CNNUploadPhoto.swift; sourceTree = "<group>"; };
		AEEF07BC228D3A6B000C5535 /* GoogleService-Info.plist */ = {isa = PBXFileReference; fileEncoding = 4; lastKnownFileType = text.plist.xml; path = "GoogleService-Info.plist"; sourceTree = "<group>"; };
/* End PBXFileReference section */

/* Begin PBXFrameworksBuildPhase section */
		182DFC88224F799600348D8B /* Frameworks */ = {
			isa = PBXFrameworksBuildPhase;
			buildActionMask = 2147483647;
			files = (
				0D4358780465DA562AF22161 /* Pods_SpiderRecognizer.framework in Frameworks */,
			);
			runOnlyForDeploymentPostprocessing = 0;
		};
/* End PBXFrameworksBuildPhase section */

/* Begin PBXGroup section */
		182DFC82224F799600348D8B = {
			isa = PBXGroup;
			children = (
				182DFC8D224F799600348D8B /* SpiderRecognizer */,
				182DFC8C224F799600348D8B /* Products */,
				7A9E137090BAA3678F653999 /* Pods */,
				A4F54629B92C7385B8A2545B /* Frameworks */,
			);
			sourceTree = "<group>";
		};
		182DFC8C224F799600348D8B /* Products */ = {
			isa = PBXGroup;
			children = (
				182DFC8B224F799600348D8B /* SpiderRecognizer.app */,
			);
			name = Products;
			sourceTree = "<group>";
		};
		182DFC8D224F799600348D8B /* SpiderRecognizer */ = {
			isa = PBXGroup;
			children = (
				AEC9E51822AB7A4B00798353 /* Assets */,
				AEC9E51922AB7A6600798353 /* Models */,
				AEDAE95322AB9556009AFC7E /* Supporting Files */,
				AEDAE95522AB967F009AFC7E /* Views */,
				AEDAE95422AB9663009AFC7E /* Controllers */,
			);
			path = SpiderRecognizer;
			sourceTree = "<group>";
		};
		7A9E137090BAA3678F653999 /* Pods */ = {
			isa = PBXGroup;
			children = (
				8E70A1F48161D7D272E3454D /* Pods-SpiderRecognizer.debug.xcconfig */,
				75F8A1EA8A24761F9F9F39B0 /* Pods-SpiderRecognizer.release.xcconfig */,
			);
			path = Pods;
			sourceTree = "<group>";
		};
		A4F54629B92C7385B8A2545B /* Frameworks */ = {
			isa = PBXGroup;
			children = (
				30369E2639470CFB894CF986 /* Pods_SpiderRecognizer.framework */,
			);
			name = Frameworks;
			sourceTree = "<group>";
		};
		AE0E957E227042CA00733CEF /* Gallary Images */ = {
			isa = PBXGroup;
			children = (
				AE0E957F227042CA00733CEF /* Red-Headed Mouse Spider.png */,
				AE0E9580227042CA00733CEF /* Funnel-Web Spider.png */,
				AE0E9581227042CA00733CEF /* Tarantula Spider.png */,
				AE0E9582227042CA00733CEF /* St Andrews Cross Spider.png */,
				AE0E9583227042CA00733CEF /* White-Tailed Spider.png */,
				AE0E9584227042CA00733CEF /* Garden Orb Weaver Spider.png */,
				AE0E9585227042CA00733CEF /* Huntsman Spider.png */,
				AE0E9586227042CA00733CEF /* Daddy Long Legs Spider.png */,
				AE0E9587227042CA00733CEF /* Redback Spider.png */,
			);
			path = "Gallary Images";
			sourceTree = "<group>";
		};
		AEC9E51822AB7A4B00798353 /* Assets */ = {
			isa = PBXGroup;
			children = (
				AE0E957E227042CA00733CEF /* Gallary Images */,
				18126DEF22A3B0A100949DE4 /* ConstantsEnum.swift */,
				AE4F13EF229EA13700294491 /* BottonBackgroundColor.png */,
				AE4F13F0229EA13700294491 /* Team Logo.png */,
				182DFCA2224F830300348D8B /* icon.png */,
			);
			path = Assets;
			sourceTree = "<group>";
		};
		AEC9E51922AB7A6600798353 /* Models */ = {
			isa = PBXGroup;
			children = (
				1837AA4322AE3DC3000D293E /* MobileNetV2.mlmodel */,
				AE45AF2E226D836300EA951D /* MobileNetV2_SSDLite.mlmodel */,
			);
			path = Models;
			sourceTree = "<group>";
		};
		AEDAE95122AB9419009AFC7E /* CNN */ = {
			isa = PBXGroup;
			children = (
				182DFC90224F799600348D8B /* CNNScan.swift */,
				AE948C8A2264D2CB00DB6EA2 /* CNNUploadPhoto.swift */,
				AE125E2E229D515800C67709 /* CNNMode.swift */,
			);
			path = CNN;
			sourceTree = "<group>";
		};
		AEDAE95222AB9433009AFC7E /* SSD */ = {
			isa = PBXGroup;
			children = (
				AE45AF28226D829C00EA951D /* SSDScan.swift */,
				AE45AF2A226D82DE00EA951D /* VideoCapture.swift */,
				AE3F8A77226D931C0070140D /* SSDUploadPhoto.swift */,
				AE45AF2C226D830B00EA951D /* BoundingBoxView.swift */,
				AE125E30229D517400C67709 /* SSDMode.swift */,
			);
			path = SSD;
			sourceTree = "<group>";
		};
		AEDAE95322AB9556009AFC7E /* Supporting Files */ = {
			isa = PBXGroup;
			children = (
				182DFC95224F799900348D8B /* Assets.xcassets */,
				AEEF07BC228D3A6B000C5535 /* GoogleService-Info.plist */,
				182DFC9A224F799900348D8B /* Info.plist */,
			);
			path = "Supporting Files";
			sourceTree = "<group>";
		};
		AEDAE95422AB9663009AFC7E /* Controllers */ = {
			isa = PBXGroup;
			children = (
				182DFC8E224F799600348D8B /* AppDelegate.swift */,
				AE33D3F622562132003C0DA1 /* LandingPage.swift */,
				AE8281AC228BEE0800FCF8FA /* SpiderGallery.swift */,
				27178815229E634B0043C836 /* BackgroundColorMaker.swift */,
				AEDAE95122AB9419009AFC7E /* CNN */,
				AEDAE95222AB9433009AFC7E /* SSD */,
			);
			path = Controllers;
			sourceTree = "<group>";
		};
		AEDAE95522AB967F009AFC7E /* Views */ = {
			isa = PBXGroup;
			children = (
				182DFC97224F799900348D8B /* LaunchScreen.storyboard */,
				AE33D3F222561F4A003C0DA1 /* Main.storyboard */,
			);
			path = Views;
			sourceTree = "<group>";
		};
/* End PBXGroup section */

/* Begin PBXNativeTarget section */
		182DFC8A224F799600348D8B /* SpiderRecognizer */ = {
			isa = PBXNativeTarget;
			buildConfigurationList = 182DFC9D224F799900348D8B /* Build configuration list for PBXNativeTarget "SpiderRecognizer" */;
			buildPhases = (
				333A87161E4D949AFB6BE946 /* [CP] Check Pods Manifest.lock */,
				182DFC87224F799600348D8B /* Sources */,
				182DFC88224F799600348D8B /* Frameworks */,
				182DFC89224F799600348D8B /* Resources */,
				75466C0A7505E98405F0D4EE /* [CP] Embed Pods Frameworks */,
			);
			buildRules = (
			);
			dependencies = (
			);
			name = SpiderRecognizer;
			productName = SpiderRecognizer;
			productReference = 182DFC8B224F799600348D8B /* SpiderRecognizer.app */;
			productType = "com.apple.product-type.application";
		};
/* End PBXNativeTarget section */

/* Begin PBXProject section */
		182DFC83224F799600348D8B /* Project object */ = {
			isa = PBXProject;
			attributes = {
				LastSwiftUpdateCheck = 1010;
				LastUpgradeCheck = 1010;
				ORGANIZATIONNAME = DonghanYang;
				TargetAttributes = {
					182DFC8A224F799600348D8B = {
						CreatedOnToolsVersion = 10.1;
					};
				};
			};
			buildConfigurationList = 182DFC86224F799600348D8B /* Build configuration list for PBXProject "SpiderRecognizer" */;
			compatibilityVersion = "Xcode 9.3";
			developmentRegion = en;
			hasScannedForEncodings = 0;
			knownRegions = (
				en,
				Base,
			);
			mainGroup = 182DFC82224F799600348D8B;
			productRefGroup = 182DFC8C224F799600348D8B /* Products */;
			projectDirPath = "";
			projectRoot = "";
			targets = (
				182DFC8A224F799600348D8B /* SpiderRecognizer */,
			);
		};
/* End PBXProject section */

/* Begin PBXResourcesBuildPhase section */
		182DFC89224F799600348D8B /* Resources */ = {
			isa = PBXResourcesBuildPhase;
			buildActionMask = 2147483647;
			files = (
				AE4F13F2229EA13700294491 /* Team Logo.png in Resources */,
				182DFC99224F799900348D8B /* LaunchScreen.storyboard in Resources */,
				AE4F13F1229EA13700294491 /* BottonBackgroundColor.png in Resources */,
				AE0E9589227042D100733CEF /* Funnel-Web Spider.png in Resources */,
				AE0E958B227042D100733CEF /* St Andrews Cross Spider.png in Resources */,
				182DFC96224F799900348D8B /* Assets.xcassets in Resources */,
				AE0E958A227042D100733CEF /* Tarantula Spider.png in Resources */,
				AE0E9590227042D100733CEF /* Redback Spider.png in Resources */,
				AE0E958F227042D100733CEF /* Daddy Long Legs Spider.png in Resources */,
				182DFCA3224F830300348D8B /* icon.png in Resources */,
				AE0E958E227042D100733CEF /* Huntsman Spider.png in Resources */,
				AE0E958C227042D100733CEF /* White-Tailed Spider.png in Resources */,
				AE33D3F322561F4A003C0DA1 /* Main.storyboard in Resources */,
				AE0E958D227042D100733CEF /* Garden Orb Weaver Spider.png in Resources */,
				AE0E9588227042D100733CEF /* Red-Headed Mouse Spider.png in Resources */,
				AEEF07BD228D3A6B000C5535 /* GoogleService-Info.plist in Resources */,
			);
			runOnlyForDeploymentPostprocessing = 0;
		};
/* End PBXResourcesBuildPhase section */

/* Begin PBXShellScriptBuildPhase section */
		333A87161E4D949AFB6BE946 /* [CP] Check Pods Manifest.lock */ = {
			isa = PBXShellScriptBuildPhase;
			buildActionMask = 2147483647;
			files = (
			);
			inputFileListPaths = (
			);
			inputPaths = (
				"${PODS_PODFILE_DIR_PATH}/Podfile.lock",
				"${PODS_ROOT}/Manifest.lock",
			);
			name = "[CP] Check Pods Manifest.lock";
			outputFileListPaths = (
			);
			outputPaths = (
				"$(DERIVED_FILE_DIR)/Pods-SpiderRecognizer-checkManifestLockResult.txt",
			);
			runOnlyForDeploymentPostprocessing = 0;
			shellPath = /bin/sh;
			shellScript = "diff \"${PODS_PODFILE_DIR_PATH}/Podfile.lock\" \"${PODS_ROOT}/Manifest.lock\" > /dev/null\nif [ $? != 0 ] ; then\n    # print error to STDERR\n    echo \"error: The sandbox is not in sync with the Podfile.lock. Run 'pod install' or update your CocoaPods installation.\" >&2\n    exit 1\nfi\n# This output is used by Xcode 'outputs' to avoid re-running this script phase.\necho \"SUCCESS\" > \"${SCRIPT_OUTPUT_FILE_0}\"\n";
			showEnvVarsInLog = 0;
		};
		75466C0A7505E98405F0D4EE /* [CP] Embed Pods Frameworks */ = {
			isa = PBXShellScriptBuildPhase;
			buildActionMask = 2147483647;
			files = (
			);
			inputFileListPaths = (
			);
			inputPaths = (
				"${PODS_ROOT}/Target Support Files/Pods-SpiderRecognizer/Pods-SpiderRecognizer-frameworks.sh",
				"${BUILT_PRODUCTS_DIR}/GoogleUtilities/GoogleUtilities.framework",
				"${BUILT_PRODUCTS_DIR}/leveldb-library/leveldb.framework",
				"${BUILT_PRODUCTS_DIR}/nanopb/nanopb.framework",
			);
			name = "[CP] Embed Pods Frameworks";
			outputFileListPaths = (
			);
			outputPaths = (
				"${TARGET_BUILD_DIR}/${FRAMEWORKS_FOLDER_PATH}/GoogleUtilities.framework",
				"${TARGET_BUILD_DIR}/${FRAMEWORKS_FOLDER_PATH}/leveldb.framework",
				"${TARGET_BUILD_DIR}/${FRAMEWORKS_FOLDER_PATH}/nanopb.framework",
			);
			runOnlyForDeploymentPostprocessing = 0;
			shellPath = /bin/sh;
			shellScript = "\"${PODS_ROOT}/Target Support Files/Pods-SpiderRecognizer/Pods-SpiderRecognizer-frameworks.sh\"\n";
			showEnvVarsInLog = 0;
		};
/* End PBXShellScriptBuildPhase section */

/* Begin PBXSourcesBuildPhase section */
		182DFC87224F799600348D8B /* Sources */ = {
			isa = PBXSourcesBuildPhase;
			buildActionMask = 2147483647;
			files = (
				18126DF022A3B0A100949DE4 /* ConstantsEnum.swift in Sources */,
				AE45AF2F226D836300EA951D /* MobileNetV2_SSDLite.mlmodel in Sources */,
				AE3F8A78226D931C0070140D /* SSDUploadPhoto.swift in Sources */,
				1837AA4422AE3DC3000D293E /* MobileNetV2.mlmodel in Sources */,
				AE45AF2B226D82DE00EA951D /* VideoCapture.swift in Sources */,
				AE45AF2D226D830B00EA951D /* BoundingBoxView.swift in Sources */,
				27178816229E634B0043C836 /* BackgroundColorMaker.swift in Sources */,
				AE125E2F229D515800C67709 /* CNNMode.swift in Sources */,
				AE125E31229D517400C67709 /* SSDMode.swift in Sources */,
				AE33D3F722562132003C0DA1 /* LandingPage.swift in Sources */,
				182DFC91224F799600348D8B /* CNNScan.swift in Sources */,
				AE8281AD228BEE0800FCF8FA /* SpiderGallery.swift in Sources */,
				AE45AF29226D829C00EA951D /* SSDScan.swift in Sources */,
				AE948C8B2264D2CB00DB6EA2 /* CNNUploadPhoto.swift in Sources */,
				182DFC8F224F799600348D8B /* AppDelegate.swift in Sources */,
			);
			runOnlyForDeploymentPostprocessing = 0;
		};
/* End PBXSourcesBuildPhase section */

/* Begin PBXVariantGroup section */
		182DFC97224F799900348D8B /* LaunchScreen.storyboard */ = {
			isa = PBXVariantGroup;
			children = (
				182DFC98224F799900348D8B /* Base */,
			);
			name = LaunchScreen.storyboard;
			sourceTree = "<group>";
		};
/* End PBXVariantGroup section */

/* Begin XCBuildConfiguration section */
		182DFC9B224F799900348D8B /* Debug */ = {
			isa = XCBuildConfiguration;
			buildSettings = {
				ALWAYS_SEARCH_USER_PATHS = NO;
				CLANG_ANALYZER_NONNULL = YES;
				CLANG_ANALYZER_NUMBER_OBJECT_CONVERSION = YES_AGGRESSIVE;
				CLANG_CXX_LANGUAGE_STANDARD = "gnu++14";
				CLANG_CXX_LIBRARY = "libc++";
				CLANG_ENABLE_MODULES = YES;
				CLANG_ENABLE_OBJC_ARC = YES;
				CLANG_ENABLE_OBJC_WEAK = YES;
				CLANG_WARN_BLOCK_CAPTURE_AUTORELEASING = YES;
				CLANG_WARN_BOOL_CONVERSION = YES;
				CLANG_WARN_COMMA = YES;
				CLANG_WARN_CONSTANT_CONVERSION = YES;
				CLANG_WARN_DEPRECATED_OBJC_IMPLEMENTATIONS = YES;
				CLANG_WARN_DIRECT_OBJC_ISA_USAGE = YES_ERROR;
				CLANG_WARN_DOCUMENTATION_COMMENTS = YES;
				CLANG_WARN_EMPTY_BODY = YES;
				CLANG_WARN_ENUM_CONVERSION = YES;
				CLANG_WARN_INFINITE_RECURSION = YES;
				CLANG_WARN_INT_CONVERSION = YES;
				CLANG_WARN_NON_LITERAL_NULL_CONVERSION = YES;
				CLANG_WARN_OBJC_IMPLICIT_RETAIN_SELF = YES;
				CLANG_WARN_OBJC_LITERAL_CONVERSION = YES;
				CLANG_WARN_OBJC_ROOT_CLASS = YES_ERROR;
				CLANG_WARN_RANGE_LOOP_ANALYSIS = YES;
				CLANG_WARN_STRICT_PROTOTYPES = YES;
				CLANG_WARN_SUSPICIOUS_MOVE = YES;
				CLANG_WARN_UNGUARDED_AVAILABILITY = YES_AGGRESSIVE;
				CLANG_WARN_UNREACHABLE_CODE = YES;
				CLANG_WARN__DUPLICATE_METHOD_MATCH = YES;
				CODE_SIGN_IDENTITY = "iPhone Developer";
				COPY_PHASE_STRIP = NO;
				DEBUG_INFORMATION_FORMAT = dwarf;
				ENABLE_STRICT_OBJC_MSGSEND = YES;
				ENABLE_TESTABILITY = YES;
				GCC_C_LANGUAGE_STANDARD = gnu11;
				GCC_DYNAMIC_NO_PIC = NO;
				GCC_NO_COMMON_BLOCKS = YES;
				GCC_OPTIMIZATION_LEVEL = 0;
				GCC_PREPROCESSOR_DEFINITIONS = (
					"DEBUG=1",
					"$(inherited)",
				);
				GCC_WARN_64_TO_32_BIT_CONVERSION = YES;
				GCC_WARN_ABOUT_RETURN_TYPE = YES_ERROR;
				GCC_WARN_UNDECLARED_SELECTOR = YES;
				GCC_WARN_UNINITIALIZED_AUTOS = YES_AGGRESSIVE;
				GCC_WARN_UNUSED_FUNCTION = YES;
				GCC_WARN_UNUSED_VARIABLE = YES;
				IPHONEOS_DEPLOYMENT_TARGET = 12.1;
				MTL_ENABLE_DEBUG_INFO = INCLUDE_SOURCE;
				MTL_FAST_MATH = YES;
				ONLY_ACTIVE_ARCH = YES;
				SDKROOT = iphoneos;
				SWIFT_ACTIVE_COMPILATION_CONDITIONS = DEBUG;
				SWIFT_OPTIMIZATION_LEVEL = "-Onone";
			};
			name = Debug;
		};
		182DFC9C224F799900348D8B /* Release */ = {
			isa = XCBuildConfiguration;
			buildSettings = {
				ALWAYS_SEARCH_USER_PATHS = NO;
				CLANG_ANALYZER_NONNULL = YES;
				CLANG_ANALYZER_NUMBER_OBJECT_CONVERSION = YES_AGGRESSIVE;
				CLANG_CXX_LANGUAGE_STANDARD = "gnu++14";
				CLANG_CXX_LIBRARY = "libc++";
				CLANG_ENABLE_MODULES = YES;
				CLANG_ENABLE_OBJC_ARC = YES;
				CLANG_ENABLE_OBJC_WEAK = YES;
				CLANG_WARN_BLOCK_CAPTURE_AUTORELEASING = YES;
				CLANG_WARN_BOOL_CONVERSION = YES;
				CLANG_WARN_COMMA = YES;
				CLANG_WARN_CONSTANT_CONVERSION = YES;
				CLANG_WARN_DEPRECATED_OBJC_IMPLEMENTATIONS = YES;
				CLANG_WARN_DIRECT_OBJC_ISA_USAGE = YES_ERROR;
				CLANG_WARN_DOCUMENTATION_COMMENTS = YES;
				CLANG_WARN_EMPTY_BODY = YES;
				CLANG_WARN_ENUM_CONVERSION = YES;
				CLANG_WARN_INFINITE_RECURSION = YES;
				CLANG_WARN_INT_CONVERSION = YES;
				CLANG_WARN_NON_LITERAL_NULL_CONVERSION = YES;
				CLANG_WARN_OBJC_IMPLICIT_RETAIN_SELF = YES;
				CLANG_WARN_OBJC_LITERAL_CONVERSION = YES;
				CLANG_WARN_OBJC_ROOT_CLASS = YES_ERROR;
				CLANG_WARN_RANGE_LOOP_ANALYSIS = YES;
				CLANG_WARN_STRICT_PROTOTYPES = YES;
				CLANG_WARN_SUSPICIOUS_MOVE = YES;
				CLANG_WARN_UNGUARDED_AVAILABILITY = YES_AGGRESSIVE;
				CLANG_WARN_UNREACHABLE_CODE = YES;
				CLANG_WARN__DUPLICATE_METHOD_MATCH = YES;
				CODE_SIGN_IDENTITY = "iPhone Developer";
				COPY_PHASE_STRIP = NO;
				DEBUG_INFORMATION_FORMAT = "dwarf-with-dsym";
				ENABLE_NS_ASSERTIONS = NO;
				ENABLE_STRICT_OBJC_MSGSEND = YES;
				GCC_C_LANGUAGE_STANDARD = gnu11;
				GCC_NO_COMMON_BLOCKS = YES;
				GCC_WARN_64_TO_32_BIT_CONVERSION = YES;
				GCC_WARN_ABOUT_RETURN_TYPE = YES_ERROR;
				GCC_WARN_UNDECLARED_SELECTOR = YES;
				GCC_WARN_UNINITIALIZED_AUTOS = YES_AGGRESSIVE;
				GCC_WARN_UNUSED_FUNCTION = YES;
				GCC_WARN_UNUSED_VARIABLE = YES;
				IPHONEOS_DEPLOYMENT_TARGET = 12.1;
				MTL_ENABLE_DEBUG_INFO = NO;
				MTL_FAST_MATH = YES;
				SDKROOT = iphoneos;
				SWIFT_COMPILATION_MODE = wholemodule;
				SWIFT_OPTIMIZATION_LEVEL = "-O";
				VALIDATE_PRODUCT = YES;
			};
			name = Release;
		};
		182DFC9E224F799900348D8B /* Debug */ = {
			isa = XCBuildConfiguration;
			baseConfigurationReference = 8E70A1F48161D7D272E3454D /* Pods-SpiderRecognizer.debug.xcconfig */;
			buildSettings = {
				ASSETCATALOG_COMPILER_APPICON_NAME = AppIcon;
				CODE_SIGN_STYLE = Automatic;
				DEVELOPMENT_TEAM = 52XL6NRZ66;
				INFOPLIST_FILE = "$(SRCROOT)/SpiderRecognizer/Supporting Files/Info.plist";
				IPHONEOS_DEPLOYMENT_TARGET = 12.1;
				LD_RUNPATH_SEARCH_PATHS = (
					"$(inherited)",
					"@executable_path/Frameworks",
				);
				PRODUCT_BUNDLE_IDENTIFIER = io.github.SpiderRecognizer;
				PRODUCT_NAME = "$(TARGET_NAME)";
				SWIFT_VERSION = 4.2;
				TARGETED_DEVICE_FAMILY = "1,2";
			};
			name = Debug;
		};
		182DFC9F224F799900348D8B /* Release */ = {
			isa = XCBuildConfiguration;
			baseConfigurationReference = 75F8A1EA8A24761F9F9F39B0 /* Pods-SpiderRecognizer.release.xcconfig */;
			buildSettings = {
				ASSETCATALOG_COMPILER_APPICON_NAME = AppIcon;
				CODE_SIGN_STYLE = Automatic;
				DEVELOPMENT_TEAM = 52XL6NRZ66;
				INFOPLIST_FILE = "$(SRCROOT)/SpiderRecognizer/Supporting Files/Info.plist";
				IPHONEOS_DEPLOYMENT_TARGET = 12.1;
				LD_RUNPATH_SEARCH_PATHS = (
					"$(inherited)",
					"@executable_path/Frameworks",
				);
				PRODUCT_BUNDLE_IDENTIFIER = io.github.SpiderRecognizer;
				PRODUCT_NAME = "$(TARGET_NAME)";
				SWIFT_VERSION = 4.2;
				TARGETED_DEVICE_FAMILY = "1,2";
			};
			name = Release;
		};
/* End XCBuildConfiguration section */

/* Begin XCConfigurationList section */
		182DFC86224F799600348D8B /* Build configuration list for PBXProject "SpiderRecognizer" */ = {
			isa = XCConfigurationList;
			buildConfigurations = (
				182DFC9B224F799900348D8B /* Debug */,
				182DFC9C224F799900348D8B /* Release */,
			);
			defaultConfigurationIsVisible = 0;
			defaultConfigurationName = Release;
		};
		182DFC9D224F799900348D8B /* Build configuration list for PBXNativeTarget "SpiderRecognizer" */ = {
			isa = XCConfigurationList;
			buildConfigurations = (
				182DFC9E224F799900348D8B /* Debug */,
				182DFC9F224F799900348D8B /* Release */,
			);
			defaultConfigurationIsVisible = 0;
			defaultConfigurationName = Release;
		};
/* End XCConfigurationList section */
	};
	rootObject = 182DFC83224F799600348D8B /* Project object */;
}
